
Microsoft Visual Studio Solution File, Format Version 12.00
# Visual Studio 15
VisualStudioVersion = 15.0.28307.1169
MinimumVisualStudioVersion = 10.0.40219.1
Project("{FAE04EC0-301F-11D3-BF4B-00C04F79EFBC}") = "testing2", "testing2\testing2.csproj", "{B1A1BD8E-EDE5-451A-A661-FC60C13668AA}"
EndProject
Global
	GlobalSection(SolutionConfigurationPlatforms) = preSolution
		Debug|x86 = Debug|x86
		Release|x86 = Release|x86
	EndGlobalSection
	GlobalSection(ProjectConfigurationPlatforms) = postSolution
		{B1A1BD8E-EDE5-451A-A661-FC60C13668AA}.Debug|x86.ActiveCfg = Debug|x86
		{B1A1BD8E-EDE5-451A-A661-FC60C13668AA}.Debug|x86.Build.0 = Debug|x86
		{B1A1BD8E-EDE5-451A-A661-FC60C13668AA}.Release|x86.ActiveCfg = Release|x86
		{B1A1BD8E-EDE5-451A-A661-FC60C13668AA}.Release|x86.Build.0 = Release|x86
	EndGlobalSection
	GlobalSection(SolutionProperties) = preSolution
		HideSolutionNode = FALSE
	EndGlobalSection
	GlobalSection(ExtensibilityGlobals) = postSolution
		SolutionGuid = {09A89595-6E0B-4274-95E1-3FC12E947C5E}
	EndGlobalSection
EndGlobal
